{
  "version": 4,
  "terraform_version": "1.12.2",
  "serial": 72,
  "lineage": "a1f48530-b8fa-7b61-8306-693519bbabdd",
  "outputs": {},
  "resources": [
    {
      "mode": "managed",
      "type": "docker_image",
      "name": "jenkins_agent",
      "provider": "provider[\"registry.terraform.io/kreuzwerker/docker\"]",
      "instances": [
        {
          "schema_version": 0,
          "attributes": {
            "build": [],
            "force_remove": null,
            "id": "sha256:a90156da31f7db1823e946282d3743d1f917b9622d122a1d45818ef43c6f5dc9jenkins/inbound-agent:jdk17",
            "image_id": "sha256:a90156da31f7db1823e946282d3743d1f917b9622d122a1d45818ef43c6f5dc9",
            "keep_locally": true,
            "name": "jenkins/inbound-agent:jdk17",
            "platform": null,
            "pull_triggers": null,
            "repo_digest": "jenkins/inbound-agent@sha256:591ba0391e1dc47af64432198be00a9e457c74d215970c4f1af592a210a6c37b",
            "triggers": null
          },
          "sensitive_attributes": [],
          "identity_schema_version": 0,
          "private": "bnVsbA=="
        }
      ]
    },
    {
      "mode": "managed",
      "type": "docker_image",
      "name": "jenkins_master",
      "provider": "provider[\"registry.terraform.io/kreuzwerker/docker\"]",
      "instances": [
        {
          "schema_version": 0,
          "attributes": {
            "build": [],
            "force_remove": null,
            "id": "sha256:6f0166f5e399bfd0884f41a84e40d22ded2e15aef97645a6f3bc61a839da56cajenkins/jenkins:lts-jdk17",
            "image_id": "sha256:6f0166f5e399bfd0884f41a84e40d22ded2e15aef97645a6f3bc61a839da56ca",
            "keep_locally": true,
            "name": "jenkins/jenkins:lts-jdk17",
            "platform": null,
            "pull_triggers": null,
            "repo_digest": "jenkins/jenkins@sha256:52de215a3d2ecc65a0795c00dc927ce629e983be9e6c0217ace4b910dcc82be3",
            "triggers": null
          },
          "sensitive_attributes": [],
          "identity_schema_version": 0,
          "private": "bnVsbA=="
        }
      ]
    }
  ],
  "check_results": null
}
